// !$*UTF8*$!
{
	archiveVersion = 1;
	classes = {
	};
	objectVersion = 46;
	objects = {

/* Begin PBXBuildFile section */
		79C092381D69A2E6000B351A /* AppDelegate.swift in Sources */ = {isa = PBXBuildFile; fileRef = 79C092371D69A2E6000B351A /* AppDelegate.swift */; };
		79C0923A1D69A2E6000B351A /* ViewController.swift in Sources */ = {isa = PBXBuildFile; fileRef = 79C092391D69A2E6000B351A /* ViewController.swift */; };
		79C0923D1D69A2E6000B351A /* Main.storyboard in Resources */ = {isa = PBXBuildFile; fileRef = 79C0923B1D69A2E6000B351A /* Main.storyboard */; };
		79C0923F1D69A2E6000B351A /* Assets.xcassets in Resources */ = {isa = PBXBuildFile; fileRef = 79C0923E1D69A2E6000B351A /* Assets.xcassets */; };
		79C092421D69A2E7000B351A /* LaunchScreen.storyboard in Resources */ = {isa = PBXBuildFile; fileRef = 79C092401D69A2E7000B351A /* LaunchScreen.storyboard */; };
/* End PBXBuildFile section */

/* Begin PBXFileReference section */
		79C092341D69A2E6000B351A /* Swift App.app */ = {isa = PBXFileReference; explicitFileType = wrapper.application; includeInIndex = 0; path = "Swift App.app"; sourceTree = BUILT_PRODUCTS_DIR; };
		79C092371D69A2E6000B351A /* AppDelegate.swift */ = {isa = PBXFileReference; lastKnownFileType = sourcecode.swift; path = AppDelegate.swift; sourceTree = "<group>"; };
		79C092391D69A2E6000B351A /* ViewController.swift */ = {isa = PBXFileReference; lastKnownFileType = sourcecode.swift; path = ViewController.swift; sourceTree = "<group>"; };
		79C0923C1D69A2E6000B351A /* Base */ = {isa = PBXFileReference; lastKnownFileType = file.storyboard; name = Base; path = Base.lproj/Main.storyboard; sourceTree = "<group>"; };
		79C0923E1D69A2E6000B351A /* Assets.xcassets */ = {isa = PBXFileReference; lastKnownFileType = folder.assetcatalog; path = Assets.xcassets; sourceTree = "<group>"; };
		79C092411D69A2E7000B351A /* Base */ = {isa = PBXFileReference; lastKnownFileType = file.storyboard; name = Base; path = Base.lproj/LaunchScreen.storyboard; sourceTree = "<group>"; };
		79C092431D69A2E7000B351A /* Info.plist */ = {isa = PBXFileReference; lastKnownFileType = text.plist.xml; path = Info.plist; sourceTree = "<group>"; };
/* End PBXFileReference section */

/* Begin PBXFrameworksBuildPhase section */
		79C092311D69A2E6000B351A /* Frameworks */ = {
			isa = PBXFrameworksBuildPhase;
			buildActionMask = 2147483647;
			files = (
			);
			runOnlyForDeploymentPostprocessing = 0;
		};
/* End PBXFrameworksBuildPhase section */

/* Begin PBXGroup section */
		79C0922B1D69A2E6000B351A = {
			isa = PBXGroup;
			children = (
				79C092361D69A2E6000B351A /* Swift App */,
				79C092351D69A2E6000B351A /* Products */,
			);
			sourceTree = "<group>";
		};
		79C092351D69A2E6000B351A /* Products */ = {
			isa = PBXGroup;
			children = (
				79C092341D69A2E6000B351A /* Swift App.app */,
			);
			name = Products;
			sourceTree = "<group>";
		};
		79C092361D69A2E6000B351A /* Swift App */ = {
			isa = PBXGroup;
			children = (
				79C092371D69A2E6000B351A /* AppDelegate.swift */,
				79C092391D69A2E6000B351A /* ViewController.swift */,
				79C0923B1D69A2E6000B351A /* Main.storyboard */,
				79C0923E1D69A2E6000B351A /* Assets.xcassets */,
				79C092401D69A2E7000B351A /* LaunchScreen.storyboard */,
				79C092431D69A2E7000B351A /* Info.plist */,
			);
			path = "Swift App";
			sourceTree = "<group>";
		};
/* End PBXGroup section */

/* Begin PBXNativeTarget section */
		79C092331D69A2E6000B351A /* Swift App */ = {
			isa = PBXNativeTarget;
			buildConfigurationList = 79C092461D69A2E7000B351A /* Build configuration list for PBXNativeTarget "Swift App" */;
			buildPhases = (
				79C092301D69A2E6000B351A /* Sources */,
				79C092311D69A2E6000B351A /* Frameworks */,
				79C092321D69A2E6000B351A /* Resources */,
			);
			buildRules = (
			);
			dependencies = (
			);
			name = "Swift App";
			productName = "Swift App";
			productReference = 79C092341D69A2E6000B351A /* Swift App.app */;
			productType = "com.apple.product-type.application";
		};
/* End PBXNativeTarget section */

/* Begin PBXProject section */
		79C0922C1D69A2E6000B351A /* Project object */ = {
			isa = PBXProject;
			attributes = {
				LastSwiftUpdateCheck = 0800;
				LastUpgradeCheck = 0800;
				ORGANIZATIONNAME = "Richard Applebaum";
				TargetAttributes = {
					79C092331D69A2E6000B351A = {
						CreatedOnToolsVersion = 8.0;
						ProvisioningStyle = Automatic;
					};
				};
			};
			buildConfigurationList = 79C0922F1D69A2E6000B351A /* Build configuration list for PBXProject "Swift App" */;
			compatibilityVersion = "Xcode 3.2";
			developmentRegion = English;
			hasScannedForEncodings = 0;
			knownRegions = (
				en,
				Base,
			);
			mainGroup = 79C0922B1D69A2E6000B351A;
			productRefGroup = 79C092351D69A2E6000B351A /* Products */;
			projectDirPath = "";
			projectRoot = "";
			targets = (
				79C092331D69A2E6000B351A /* Swift App */,
			);
		};
/* End PBXProject section */

/* Begin PBXResourcesBuildPhase section */
		79C092321D69A2E6000B351A /* Resources */ = {
			isa = PBXResourcesBuildPhase;
			buildActionMask = 2147483647;
			files = (
				79C092421D69A2E7000B351A /* LaunchScreen.storyboard in Resources */,
				79C0923F1D69A2E6000B351A /* Assets.xcassets in Resources */,
				79C0923D1D69A2E6000B351A /* Main.storyboard in Resources */,
			);
			runOnlyForDeploymentPostprocessing = 0;
		};
/* End PBXResourcesBuildPhase section */

/* Begin PBXSourcesBuildPhase section */
		79C092301D69A2E6000B351A /* Sources */ = {
			isa = PBXSourcesBuildPhase;
			buildActionMask = 2147483647;
			files = (
				79C0923A1D69A2E6000B351A /* ViewController.swift in Sources */,
				79C092381D69A2E6000B351A /* AppDelegate.swift in Sources */,
			);
			runOnlyForDeploymentPostprocessing = 0;
		};
/* End PBXSourcesBuildPhase section */

/* Begin PBXVariantGroup section */
		79C0923B1D69A2E6000B351A /* Main.storyboard */ = {
			isa = PBXVariantGroup;
			children = (
				79C0923C1D69A2E6000B351A /* Base */,
			);
			name = Main.storyboard;
			sourceTree = "<group>";
		};
		79C092401D69A2E7000B351A /* LaunchScreen.storyboard */ = {
			isa = PBXVariantGroup;
			children = (
				79C092411D69A2E7000B351A /* Base */,
			);
			name = LaunchScreen.storyboard;
			sourceTree = "<group>";
		};
/* End PBXVariantGroup section */

/* Begin XCBuildConfiguration section */
		79C092441D69A2E7000B351A /* Debug */ = {
			isa = XCBuildConfiguration;
			buildSettings = {
				ALWAYS_SEARCH_USER_PATHS = NO;
				CLANG_ANALYZER_NONNULL = YES;
				CLANG_CXX_LANGUAGE_STANDARD = "gnu++0x";
				CLANG_CXX_LIBRARY = "libc++";
				CLANG_ENABLE_MODULES = YES;
				CLANG_ENABLE_OBJC_ARC = YES;
				CLANG_WARN_BOOL_CONVERSION = YES;
				CLANG_WARN_CONSTANT_CONVERSION = YES;
				CLANG_WARN_DIRECT_OBJC_ISA_USAGE = YES_ERROR;
				CLANG_WARN_DOCUMENTATION_COMMENTS = YES;
				CLANG_WARN_EMPTY_BODY = YES;
				CLANG_WARN_ENUM_CONVERSION = YES;
				CLANG_WARN_INFINITE_RECURSION = YES;
				CLANG_WARN_INT_CONVERSION = YES;
				CLANG_WARN_OBJC_ROOT_CLASS = YES_ERROR;
				CLANG_WARN_SUSPICIOUS_MOVES = YES;
				CLANG_WARN_UNREACHABLE_CODE = YES;
				CLANG_WARN__DUPLICATE_METHOD_MATCH = YES;
				"CODE_SIGN_IDENTITY[sdk=iphoneos*]" = "iPhone Developer";
				COPY_PHASE_STRIP = NO;
				DEBUG_INFORMATION_FORMAT = dwarf;
				ENABLE_STRICT_OBJC_MSGSEND = YES;
				ENABLE_TESTABILITY = YES;
				GCC_C_LANGUAGE_STANDARD = gnu99;
				GCC_DYNAMIC_NO_PIC = NO;
				GCC_NO_COMMON_BLOCKS = YES;
				GCC_OPTIMIZATION_LEVEL = 0;
				GCC_PREPROCESSOR_DEFINITIONS = (
					"DEBUG=1",
					"$(inherited)",
				);
				GCC_WARN_64_TO_32_BIT_CONVERSION = YES;
				GCC_WARN_ABOUT_RETURN_TYPE = YES_ERROR;
				GCC_WARN_UNDECLARED_SELECTOR = YES;
				GCC_WARN_UNINITIALIZED_AUTOS = YES_AGGRESSIVE;
				GCC_WARN_UNUSED_FUNCTION = YES;
				GCC_WARN_UNUSED_VARIABLE = YES;
				IPHONEOS_DEPLOYMENT_TARGET = 10.0;
				MTL_ENABLE_DEBUG_INFO = YES;
				ONLY_ACTIVE_ARCH = YES;
				SDKROOT = iphoneos;
				SWIFT_ACTIVE_COMPILATION_CONDITIONS = DEBUG;
				SWIFT_OPTIMIZATION_LEVEL = "-Onone";
				TARGETED_DEVICE_FAMILY = "1,2";
			};
			name = Debug;
		};
		79C092451D69A2E7000B351A /* Release */ = {
			isa = XCBuildConfiguration;
			buildSettings = {
				ALWAYS_SEARCH_USER_PATHS = NO;
				CLANG_ANALYZER_NONNULL = YES;
				CLANG_CXX_LANGUAGE_STANDARD = "gnu++0x";
				CLANG_CXX_LIBRARY = "libc++";
				CLANG_ENABLE_MODULES = YES;
				CLANG_ENABLE_OBJC_ARC = YES;
				CLANG_WARN_BOOL_CONVERSION = YES;
				CLANG_WARN_CONSTANT_CONVERSION = YES;
				CLANG_WARN_DIRECT_OBJC_ISA_USAGE = YES_ERROR;
				CLANG_WARN_DOCUMENTATION_COMMENTS = YES;
				CLANG_WARN_EMPTY_BODY = YES;
				CLANG_WARN_ENUM_CONVERSION = YES;
				CLANG_WARN_INFINITE_RECURSION = YES;
				CLANG_WARN_INT_CONVERSION = YES;
				CLANG_WARN_OBJC_ROOT_CLASS = YES_ERROR;
				CLANG_WARN_SUSPICIOUS_MOVES = YES;
				CLANG_WARN_UNREACHABLE_CODE = YES;
				CLANG_WARN__DUPLICATE_METHOD_MATCH = YES;
				"CODE_SIGN_IDENTITY[sdk=iphoneos*]" = "iPhone Developer";
				COPY_PHASE_STRIP = NO;
				DEBUG_INFORMATION_FORMAT = "dwarf-with-dsym";
				ENABLE_NS_ASSERTIONS = NO;
				ENABLE_STRICT_OBJC_MSGSEND = YES;
				GCC_C_LANGUAGE_STANDARD = gnu99;
				GCC_NO_COMMON_BLOCKS = YES;
				GCC_WARN_64_TO_32_BIT_CONVERSION = YES;
				GCC_WARN_ABOUT_RETURN_TYPE = YES_ERROR;
				GCC_WARN_UNDECLARED_SELECTOR = YES;
				GCC_WARN_UNINITIALIZED_AUTOS = YES_AGGRESSIVE;
				GCC_WARN_UNUSED_FUNCTION = YES;
				GCC_WARN_UNUSED_VARIABLE = YES;
				IPHONEOS_DEPLOYMENT_TARGET = 10.0;
				MTL_ENABLE_DEBUG_INFO = NO;
				SDKROOT = iphoneos;
				SWIFT_OPTIMIZATION_LEVEL = "-Owholemodule";
				TARGETED_DEVICE_FAMILY = "1,2";
				VALIDATE_PRODUCT = YES;
			};
			name = Release;
		};
		79C092471D69A2E7000B351A /* Debug */ = {
			isa = XCBuildConfiguration;
			buildSettings = {
				ASSETCATALOG_COMPILER_APPICON_NAME = AppIcon;
				INFOPLIST_FILE = "Swift App/Info.plist";
				LD_RUNPATH_SEARCH_PATHS = "$(inherited) @executable_path/Frameworks";
				PRODUCT_BUNDLE_IDENTIFIER = "com.lacara.Swift-App";
				PRODUCT_NAME = "$(TARGET_NAME)";
				SWIFT_VERSION = 3.0;
			};
			name = Debug;
		};
		79C092481D69A2E7000B351A /* Release */ = {
			isa = XCBuildConfiguration;
			buildSettings = {
				ASSETCATALOG_COMPILER_APPICON_NAME = AppIcon;
				INFOPLIST_FILE = "Swift App/Info.plist";
				LD_RUNPATH_SEARCH_PATHS = "$(inherited) @executable_path/Frameworks";
				PRODUCT_BUNDLE_IDENTIFIER = "com.lacara.Swift-App";
				PRODUCT_NAME = "$(TARGET_NAME)";
				SWIFT_VERSION = 3.0;
			};
			name = Release;
		};
/* End XCBuildConfiguration section */

/* Begin XCConfigurationList section */
		79C0922F1D69A2E6000B351A /* Build configuration list for PBXProject "Swift App" */ = {
			isa = XCConfigurationList;
			buildConfigurations = (
				79C092441D69A2E7000B351A /* Debug */,
				79C092451D69A2E7000B351A /* Release */,
			);
			defaultConfigurationIsVisible = 0;
			defaultConfigurationName = Release;
		};
		79C092461D69A2E7000B351A /* Build configuration list for PBXNativeTarget "Swift App" */ = {
			isa = XCConfigurationList;
			buildConfigurations = (
				79C092471D69A2E7000B351A /* Debug */,
				79C092481D69A2E7000B351A /* Release */,
			);
			defaultConfigurationIsVisible = 0;
		};
/* End XCConfigurationList section */
	};
	rootObject = 79C0922C1D69A2E6000B351A /* Project object */;
}
